
Microsoft Visual Studio Solution File, Format Version 12.00
# Visual Studio Version 16
VisualStudioVersion = 16.0.30309.148
MinimumVisualStudioVersion = 10.0.40219.1
Project("{9A19103F-16F7-4668-BE54-9A1E7A4F7556}") = "RedisCache", "RedisCache\RedisCache.csproj", "{DA29A40C-F84A-445D-B1FA-76C02A6A91F7}"
EndProject
Project("{FAE04EC0-301F-11D3-BF4B-00C04F79EFBC}") = "RedisCache.Tests", "RedisCache.Tests\RedisCache.Tests.csproj", "{D41F07D0-46AB-4C06-AE13-549BB5623E94}"
EndProject
Global
	GlobalSection(SolutionConfigurationPlatforms) = preSolution
		Debug|Any CPU = Debug|Any CPU
		Release|Any CPU = Release|Any CPU
	EndGlobalSection
	GlobalSection(ProjectConfigurationPlatforms) = postSolution
		{DA29A40C-F84A-445D-B1FA-76C02A6A91F7}.Debug|Any CPU.ActiveCfg = Debug|Any CPU
		{DA29A40C-F84A-445D-B1FA-76C02A6A91F7}.Debug|Any CPU.Build.0 = Debug|Any CPU
		{DA29A40C-F84A-445D-B1FA-76C02A6A91F7}.Release|Any CPU.ActiveCfg = Release|Any CPU
		{DA29A40C-F84A-445D-B1FA-76C02A6A91F7}.Release|Any CPU.Build.0 = Release|Any CPU
		{D41F07D0-46AB-4C06-AE13-549BB5623E94}.Debug|Any CPU.ActiveCfg = Debug|Any CPU
		{D41F07D0-46AB-4C06-AE13-549BB5623E94}.Debug|Any CPU.Build.0 = Debug|Any CPU
		{D41F07D0-46AB-4C06-AE13-549BB5623E94}.Release|Any CPU.ActiveCfg = Release|Any CPU
		{D41F07D0-46AB-4C06-AE13-549BB5623E94}.Release|Any CPU.Build.0 = Release|Any CPU
	EndGlobalSection
	GlobalSection(SolutionProperties) = preSolution
		HideSolutionNode = FALSE
	EndGlobalSection
	GlobalSection(ExtensibilityGlobals) = postSolution
		SolutionGuid = {5A832AF8-B638-4F2A-BFD7-49FFE16A0DF6}
	EndGlobalSection
EndGlobal
